
Microsoft Visual Studio Solution File, Format Version 12.00
# Visual Studio 2012
Project("{2150E333-8FDC-42A3-9474-1A3956D46DE8}") = "admin", "admin", "{EE7BBF03-A10D-4D79-991D-45007BF6FAE4}"
	ProjectSection(SolutionItems) = preProject
		build.bat = build.bat
		..\compil\scripts\windows\generate.bat = ..\compil\scripts\windows\generate.bat
		..\compil\src\jamboost.jam = ..\compil\src\jamboost.jam
		..\compil\src\jamgtest.jam = ..\compil\src\jamgtest.jam
		..\compil\src\jamlibrary.jam = ..\compil\src\jamlibrary.jam
		..\compil\src\jamroot.jam = ..\compil\src\jamroot.jam
	EndProjectSection
EndProject
Project("{8BC9CEB8-8B4A-11D0-8D11-00A0C91BC942}") = "compiler", "compiler.vcxproj", "{89FC0A35-DCB7-3DEB-9CDA-77822D863D8B}"
EndProject
Project("{8BC9CEB8-8B4A-11D0-8D11-00A0C91BC942}") = "core", "core.vcxproj", "{05105739-87A9-3672-9A10-8854F4E49944}"
EndProject
Project("{8BC9CEB8-8B4A-11D0-8D11-00A0C91BC942}") = "generator", "generator.vcxproj", "{89F7BA88-7086-35A1-A7EE-232DB7CB97AF}"
EndProject
Project("{8BC9CEB8-8B4A-11D0-8D11-00A0C91BC942}") = "generator-self", "generator-self.vcxproj", "{A3E46480-64C3-3F01-9D54-16969EBA60D6}"
EndProject
Project("{8BC9CEB8-8B4A-11D0-8D11-00A0C91BC942}") = "generator-test", "generator-test.vcxproj", "{D320C075-B25E-3C84-965B-E80734F73C2D}"
EndProject
Project("{8BC9CEB8-8B4A-11D0-8D11-00A0C91BC942}") = "language", "language.vcxproj", "{67321DD2-75CD-366F-A390-A8EA71B19D40}"
EndProject
Project("{8BC9CEB8-8B4A-11D0-8D11-00A0C91BC942}") = "library", "library.vcxproj", "{0AED5F1C-2754-3341-8BFF-200D96942A9F}"
EndProject
Project("{8BC9CEB8-8B4A-11D0-8D11-00A0C91BC942}") = "generator_app", "generator_app.vcxproj", "{7DE3E54C-8122-4354-91CD-BD5180B3A3F1}"
EndProject
Global
	GlobalSection(SolutionConfigurationPlatforms) = preSolution
		Debug|Win32 = Debug|Win32
		Debug|x64 = Debug|x64
		Profiling|Win32 = Profiling|Win32
		Profiling|x64 = Profiling|x64
		Release|Win32 = Release|Win32
		Release|x64 = Release|x64
	EndGlobalSection
	GlobalSection(ProjectConfigurationPlatforms) = postSolution
		{89FC0A35-DCB7-3DEB-9CDA-77822D863D8B}.Debug|Win32.ActiveCfg = Debug|Win32
		{89FC0A35-DCB7-3DEB-9CDA-77822D863D8B}.Debug|Win32.Build.0 = Debug|Win32
		{89FC0A35-DCB7-3DEB-9CDA-77822D863D8B}.Debug|x64.ActiveCfg = Debug|x64
		{89FC0A35-DCB7-3DEB-9CDA-77822D863D8B}.Debug|x64.Build.0 = Debug|x64
		{89FC0A35-DCB7-3DEB-9CDA-77822D863D8B}.Profiling|Win32.ActiveCfg = Release|Win32
		{89FC0A35-DCB7-3DEB-9CDA-77822D863D8B}.Profiling|Win32.Build.0 = Release|Win32
		{89FC0A35-DCB7-3DEB-9CDA-77822D863D8B}.Profiling|x64.ActiveCfg = Release|x64
		{89FC0A35-DCB7-3DEB-9CDA-77822D863D8B}.Profiling|x64.Build.0 = Release|x64
		{89FC0A35-DCB7-3DEB-9CDA-77822D863D8B}.Release|Win32.ActiveCfg = Release|Win32
		{89FC0A35-DCB7-3DEB-9CDA-77822D863D8B}.Release|Win32.Build.0 = Release|Win32
		{89FC0A35-DCB7-3DEB-9CDA-77822D863D8B}.Release|x64.ActiveCfg = Release|x64
		{89FC0A35-DCB7-3DEB-9CDA-77822D863D8B}.Release|x64.Build.0 = Release|x64
		{05105739-87A9-3672-9A10-8854F4E49944}.Debug|Win32.ActiveCfg = Debug|Win32
		{05105739-87A9-3672-9A10-8854F4E49944}.Debug|Win32.Build.0 = Debug|Win32
		{05105739-87A9-3672-9A10-8854F4E49944}.Debug|x64.ActiveCfg = Debug|x64
		{05105739-87A9-3672-9A10-8854F4E49944}.Debug|x64.Build.0 = Debug|x64
		{05105739-87A9-3672-9A10-8854F4E49944}.Profiling|Win32.ActiveCfg = Release|Win32
		{05105739-87A9-3672-9A10-8854F4E49944}.Profiling|Win32.Build.0 = Release|Win32
		{05105739-87A9-3672-9A10-8854F4E49944}.Profiling|x64.ActiveCfg = Release|x64
		{05105739-87A9-3672-9A10-8854F4E49944}.Profiling|x64.Build.0 = Release|x64
		{05105739-87A9-3672-9A10-8854F4E49944}.Release|Win32.ActiveCfg = Release|Win32
		{05105739-87A9-3672-9A10-8854F4E49944}.Release|Win32.Build.0 = Release|Win32
		{05105739-87A9-3672-9A10-8854F4E49944}.Release|x64.ActiveCfg = Release|x64
		{05105739-87A9-3672-9A10-8854F4E49944}.Release|x64.Build.0 = Release|x64
		{89F7BA88-7086-35A1-A7EE-232DB7CB97AF}.Debug|Win32.ActiveCfg = Debug|Win32
		{89F7BA88-7086-35A1-A7EE-232DB7CB97AF}.Debug|Win32.Build.0 = Debug|Win32
		{89F7BA88-7086-35A1-A7EE-232DB7CB97AF}.Debug|x64.ActiveCfg = Debug|x64
		{89F7BA88-7086-35A1-A7EE-232DB7CB97AF}.Debug|x64.Build.0 = Debug|x64
		{89F7BA88-7086-35A1-A7EE-232DB7CB97AF}.Profiling|Win32.ActiveCfg = Release|Win32
		{89F7BA88-7086-35A1-A7EE-232DB7CB97AF}.Profiling|Win32.Build.0 = Release|Win32
		{89F7BA88-7086-35A1-A7EE-232DB7CB97AF}.Profiling|x64.ActiveCfg = Release|x64
		{89F7BA88-7086-35A1-A7EE-232DB7CB97AF}.Profiling|x64.Build.0 = Release|x64
		{89F7BA88-7086-35A1-A7EE-232DB7CB97AF}.Release|Win32.ActiveCfg = Release|Win32
		{89F7BA88-7086-35A1-A7EE-232DB7CB97AF}.Release|Win32.Build.0 = Release|Win32
		{89F7BA88-7086-35A1-A7EE-232DB7CB97AF}.Release|x64.ActiveCfg = Release|x64
		{89F7BA88-7086-35A1-A7EE-232DB7CB97AF}.Release|x64.Build.0 = Release|x64
		{A3E46480-64C3-3F01-9D54-16969EBA60D6}.Debug|Win32.ActiveCfg = Debug|Win32
		{A3E46480-64C3-3F01-9D54-16969EBA60D6}.Debug|Win32.Build.0 = Debug|Win32
		{A3E46480-64C3-3F01-9D54-16969EBA60D6}.Debug|x64.ActiveCfg = Debug|x64
		{A3E46480-64C3-3F01-9D54-16969EBA60D6}.Debug|x64.Build.0 = Debug|x64
		{A3E46480-64C3-3F01-9D54-16969EBA60D6}.Profiling|Win32.ActiveCfg = Release|Win32
		{A3E46480-64C3-3F01-9D54-16969EBA60D6}.Profiling|Win32.Build.0 = Release|Win32
		{A3E46480-64C3-3F01-9D54-16969EBA60D6}.Profiling|x64.ActiveCfg = Release|x64
		{A3E46480-64C3-3F01-9D54-16969EBA60D6}.Profiling|x64.Build.0 = Release|x64
		{A3E46480-64C3-3F01-9D54-16969EBA60D6}.Release|Win32.ActiveCfg = Release|Win32
		{A3E46480-64C3-3F01-9D54-16969EBA60D6}.Release|Win32.Build.0 = Release|Win32
		{A3E46480-64C3-3F01-9D54-16969EBA60D6}.Release|x64.ActiveCfg = Release|x64
		{A3E46480-64C3-3F01-9D54-16969EBA60D6}.Release|x64.Build.0 = Release|x64
		{D320C075-B25E-3C84-965B-E80734F73C2D}.Debug|Win32.ActiveCfg = Debug|Win32
		{D320C075-B25E-3C84-965B-E80734F73C2D}.Debug|Win32.Build.0 = Debug|Win32
		{D320C075-B25E-3C84-965B-E80734F73C2D}.Debug|x64.ActiveCfg = Debug|x64
		{D320C075-B25E-3C84-965B-E80734F73C2D}.Debug|x64.Build.0 = Debug|x64
		{D320C075-B25E-3C84-965B-E80734F73C2D}.Profiling|Win32.ActiveCfg = Release|Win32
		{D320C075-B25E-3C84-965B-E80734F73C2D}.Profiling|Win32.Build.0 = Release|Win32
		{D320C075-B25E-3C84-965B-E80734F73C2D}.Profiling|x64.ActiveCfg = Release|x64
		{D320C075-B25E-3C84-965B-E80734F73C2D}.Profiling|x64.Build.0 = Release|x64
		{D320C075-B25E-3C84-965B-E80734F73C2D}.Release|Win32.ActiveCfg = Release|Win32
		{D320C075-B25E-3C84-965B-E80734F73C2D}.Release|Win32.Build.0 = Release|Win32
		{D320C075-B25E-3C84-965B-E80734F73C2D}.Release|x64.ActiveCfg = Release|x64
		{D320C075-B25E-3C84-965B-E80734F73C2D}.Release|x64.Build.0 = Release|x64
		{67321DD2-75CD-366F-A390-A8EA71B19D40}.Debug|Win32.ActiveCfg = Debug|Win32
		{67321DD2-75CD-366F-A390-A8EA71B19D40}.Debug|Win32.Build.0 = Debug|Win32
		{67321DD2-75CD-366F-A390-A8EA71B19D40}.Debug|x64.ActiveCfg = Debug|x64
		{67321DD2-75CD-366F-A390-A8EA71B19D40}.Debug|x64.Build.0 = Debug|x64
		{67321DD2-75CD-366F-A390-A8EA71B19D40}.Profiling|Win32.ActiveCfg = Release|Win32
		{67321DD2-75CD-366F-A390-A8EA71B19D40}.Profiling|Win32.Build.0 = Release|Win32
		{67321DD2-75CD-366F-A390-A8EA71B19D40}.Profiling|x64.ActiveCfg = Release|x64
		{67321DD2-75CD-366F-A390-A8EA71B19D40}.Profiling|x64.Build.0 = Release|x64
		{67321DD2-75CD-366F-A390-A8EA71B19D40}.Release|Win32.ActiveCfg = Release|Win32
		{67321DD2-75CD-366F-A390-A8EA71B19D40}.Release|Win32.Build.0 = Release|Win32
		{67321DD2-75CD-366F-A390-A8EA71B19D40}.Release|x64.ActiveCfg = Release|x64
		{67321DD2-75CD-366F-A390-A8EA71B19D40}.Release|x64.Build.0 = Release|x64
		{0AED5F1C-2754-3341-8BFF-200D96942A9F}.Debug|Win32.ActiveCfg = Debug|Win32
		{0AED5F1C-2754-3341-8BFF-200D96942A9F}.Debug|Win32.Build.0 = Debug|Win32
		{0AED5F1C-2754-3341-8BFF-200D96942A9F}.Debug|x64.ActiveCfg = Debug|x64
		{0AED5F1C-2754-3341-8BFF-200D96942A9F}.Debug|x64.Build.0 = Debug|x64
		{0AED5F1C-2754-3341-8BFF-200D96942A9F}.Profiling|Win32.ActiveCfg = Release|Win32
		{0AED5F1C-2754-3341-8BFF-200D96942A9F}.Profiling|Win32.Build.0 = Release|Win32
		{0AED5F1C-2754-3341-8BFF-200D96942A9F}.Profiling|x64.ActiveCfg = Release|x64
		{0AED5F1C-2754-3341-8BFF-200D96942A9F}.Profiling|x64.Build.0 = Release|x64
		{0AED5F1C-2754-3341-8BFF-200D96942A9F}.Release|Win32.ActiveCfg = Release|Win32
		{0AED5F1C-2754-3341-8BFF-200D96942A9F}.Release|Win32.Build.0 = Release|Win32
		{0AED5F1C-2754-3341-8BFF-200D96942A9F}.Release|x64.ActiveCfg = Release|x64
		{0AED5F1C-2754-3341-8BFF-200D96942A9F}.Release|x64.Build.0 = Release|x64
		{7DE3E54C-8122-4354-91CD-BD5180B3A3F1}.Debug|Win32.ActiveCfg = Debug|Win32
		{7DE3E54C-8122-4354-91CD-BD5180B3A3F1}.Debug|Win32.Build.0 = Debug|Win32
		{7DE3E54C-8122-4354-91CD-BD5180B3A3F1}.Debug|x64.ActiveCfg = Debug|x64
		{7DE3E54C-8122-4354-91CD-BD5180B3A3F1}.Debug|x64.Build.0 = Debug|x64
		{7DE3E54C-8122-4354-91CD-BD5180B3A3F1}.Profiling|Win32.ActiveCfg = Release|Win32
		{7DE3E54C-8122-4354-91CD-BD5180B3A3F1}.Profiling|Win32.Build.0 = Release|Win32
		{7DE3E54C-8122-4354-91CD-BD5180B3A3F1}.Profiling|x64.ActiveCfg = Release|x64
		{7DE3E54C-8122-4354-91CD-BD5180B3A3F1}.Profiling|x64.Build.0 = Release|x64
		{7DE3E54C-8122-4354-91CD-BD5180B3A3F1}.Release|Win32.ActiveCfg = Release|Win32
		{7DE3E54C-8122-4354-91CD-BD5180B3A3F1}.Release|Win32.Build.0 = Release|Win32
		{7DE3E54C-8122-4354-91CD-BD5180B3A3F1}.Release|x64.ActiveCfg = Release|x64
		{7DE3E54C-8122-4354-91CD-BD5180B3A3F1}.Release|x64.Build.0 = Release|x64
	EndGlobalSection
	GlobalSection(SolutionProperties) = preSolution
		HideSolutionNode = FALSE
	EndGlobalSection
EndGlobal
